
Microsoft Visual Studio Solution File, Format Version 12.00
# Visual Studio Version 16
VisualStudioVersion = 16.0.30114.105
MinimumVisualStudioVersion = 10.0.40219.1
Project("{FAE04EC0-301F-11D3-BF4B-00C04F79EFBC}") = "OrderService", "OrderService\OrderService.csproj", "{CE1991F3-6E55-4DA7-8363-1607154F5977}"
EndProject
Project("{FAE04EC0-301F-11D3-BF4B-00C04F79EFBC}") = "UserService", "UserService\UserService.csproj", "{79C9331F-6EFB-49A4-A87A-2BE2A85E3202}"
EndProject
Project("{FAE04EC0-301F-11D3-BF4B-00C04F79EFBC}") = "AggregatorService", "AggregatorService\AggregatorService.csproj", "{324AA708-B074-4587-B56E-FBF480712779}"
EndProject
Global
	GlobalSection(SolutionConfigurationPlatforms) = preSolution
		Debug|Any CPU = Debug|Any CPU
		Release|Any CPU = Release|Any CPU
	EndGlobalSection
	GlobalSection(ProjectConfigurationPlatforms) = postSolution
		{CE1991F3-6E55-4DA7-8363-1607154F5977}.Debug|Any CPU.ActiveCfg = Debug|Any CPU
		{CE1991F3-6E55-4DA7-8363-1607154F5977}.Debug|Any CPU.Build.0 = Debug|Any CPU
		{CE1991F3-6E55-4DA7-8363-1607154F5977}.Release|Any CPU.ActiveCfg = Release|Any CPU
		{CE1991F3-6E55-4DA7-8363-1607154F5977}.Release|Any CPU.Build.0 = Release|Any CPU
		{79C9331F-6EFB-49A4-A87A-2BE2A85E3202}.Debug|Any CPU.ActiveCfg = Debug|Any CPU
		{79C9331F-6EFB-49A4-A87A-2BE2A85E3202}.Debug|Any CPU.Build.0 = Debug|Any CPU
		{79C9331F-6EFB-49A4-A87A-2BE2A85E3202}.Release|Any CPU.ActiveCfg = Release|Any CPU
		{79C9331F-6EFB-49A4-A87A-2BE2A85E3202}.Release|Any CPU.Build.0 = Release|Any CPU
		{324AA708-B074-4587-B56E-FBF480712779}.Debug|Any CPU.ActiveCfg = Debug|Any CPU
		{324AA708-B074-4587-B56E-FBF480712779}.Debug|Any CPU.Build.0 = Debug|Any CPU
		{324AA708-B074-4587-B56E-FBF480712779}.Release|Any CPU.ActiveCfg = Release|Any CPU
		{324AA708-B074-4587-B56E-FBF480712779}.Release|Any CPU.Build.0 = Release|Any CPU
	EndGlobalSection
	GlobalSection(SolutionProperties) = preSolution
		HideSolutionNode = FALSE
	EndGlobalSection
	GlobalSection(ExtensibilityGlobals) = postSolution
		SolutionGuid = {F7542263-5D82-4F14-B054-751F71F57B90}
	EndGlobalSection
EndGlobal
